
Microsoft Visual Studio Solution File, Format Version 12.00
# Visual Studio Version 17
VisualStudioVersion = 17.4.33205.214
MinimumVisualStudioVersion = 10.0.40219.1
Project("{FAE04EC0-301F-11D3-BF4B-00C04F79EFBC}") = "OnlineShop", "OnlineShop.csproj", "{5FB27836-E65A-4A6F-8406-6A0971369C11}"
EndProject
Global
	GlobalSection(SolutionConfigurationPlatforms) = preSolution
		Debug|Any CPU = Debug|Any CPU
		Release|Any CPU = Release|Any CPU
	EndGlobalSection
	GlobalSection(ProjectConfigurationPlatforms) = postSolution
		{5FB27836-E65A-4A6F-8406-6A0971369C11}.Debug|Any CPU.ActiveCfg = Debug|Any CPU
		{5FB27836-E65A-4A6F-8406-6A0971369C11}.Debug|Any CPU.Build.0 = Debug|Any CPU
		{5FB27836-E65A-4A6F-8406-6A0971369C11}.Release|Any CPU.ActiveCfg = Release|Any CPU
		{5FB27836-E65A-4A6F-8406-6A0971369C11}.Release|Any CPU.Build.0 = Release|Any CPU
	EndGlobalSection
	GlobalSection(SolutionProperties) = preSolution
		HideSolutionNode = FALSE
	EndGlobalSection
	GlobalSection(ExtensibilityGlobals) = postSolution
		SolutionGuid = {BC603A5F-0AAB-4893-AB0F-374BB7422A00}
	EndGlobalSection
EndGlobal
